{
  "name": "nginx-builder",
  "version": "0.0.1",
  "lockfileVersion": 2,
  "requires": true,
  "packages": {
    "": {
      "name": "nginx-builder",
      "version": "0.0.1",
      "license": "ISC",
      "dependencies": {
        "nginx-format": "^0.1.7"
      },
      "devDependencies": {
        "@types/node": "^18.7.14"
      }
    },
    "node_modules/@types/node": {
      "version": "18.7.14",
      "resolved": "https://registry.npmjs.org/@types/node/-/node-18.7.14.tgz",
      "integrity": "sha512-6bbDaETVi8oyIARulOE9qF1/Qdi/23z6emrUh0fNJRUmjznqrixD4MpGDdgOFk5Xb0m2H6Xu42JGdvAxaJR/wA==",
      "dev": true
    },
    "node_modules/chevrotain": {
      "version": "7.1.2",
      "resolved": "https://registry.npmjs.org/chevrotain/-/chevrotain-7.1.2.tgz",
      "integrity": "sha512-9bQsXVQ7UAvzMs7iUBBJ9Yv//exOy7bIR3PByOEk4M64vIE/LsiOiX7VIkMF/vEMlrSStwsaE884Bp9CpjtC5g==",
      "dependencies": {
        "regexp-to-ast": "0.5.0"
      }
    },
    "node_modules/nginx-format": {
      "version": "0.1.7",
      "resolved": "https://registry.npmjs.org/nginx-format/-/nginx-format-0.1.7.tgz",
      "integrity": "sha512-+6k0BGrASE0vE4X2sYujh0k2cZG+2DT0G82N3O+hS/7/7b3ZNzfHogthRGIJB+2xSJOvgIbJgKRVjqpyerPOtw==",
      "dependencies": {
        "chevrotain": "^7.0.1"
      }
    },
    "node_modules/regexp-to-ast": {
      "version": "0.5.0",
      "resolved": "https://registry.npmjs.org/regexp-to-ast/-/regexp-to-ast-0.5.0.tgz",
      "integrity": "sha512-tlbJqcMHnPKI9zSrystikWKwHkBqu2a/Sgw01h3zFjvYrMxEDYHzzoMZnUrbIfpTFEsoRnnviOXNCzFiSc54Qw=="
    }
  },
  "dependencies": {
    "@types/node": {
      "version": "18.7.14",
      "resolved": "https://registry.npmjs.org/@types/node/-/node-18.7.14.tgz",
      "integrity": "sha512-6bbDaETVi8oyIARulOE9qF1/Qdi/23z6emrUh0fNJRUmjznqrixD4MpGDdgOFk5Xb0m2H6Xu42JGdvAxaJR/wA==",
      "dev": true
    },
    "chevrotain": {
      "version": "7.1.2",
      "resolved": "https://registry.npmjs.org/chevrotain/-/chevrotain-7.1.2.tgz",
      "integrity": "sha512-9bQsXVQ7UAvzMs7iUBBJ9Yv//exOy7bIR3PByOEk4M64vIE/LsiOiX7VIkMF/vEMlrSStwsaE884Bp9CpjtC5g==",
      "requires": {
        "regexp-to-ast": "0.5.0"
      }
    },
    "nginx-format": {
      "version": "0.1.7",
      "resolved": "https://registry.npmjs.org/nginx-format/-/nginx-format-0.1.7.tgz",
      "integrity": "sha512-+6k0BGrASE0vE4X2sYujh0k2cZG+2DT0G82N3O+hS/7/7b3ZNzfHogthRGIJB+2xSJOvgIbJgKRVjqpyerPOtw==",
      "requires": {
        "chevrotain": "^7.0.1"
      }
    },
    "regexp-to-ast": {
      "version": "0.5.0",
      "resolved": "https://registry.npmjs.org/regexp-to-ast/-/regexp-to-ast-0.5.0.tgz",
      "integrity": "sha512-tlbJqcMHnPKI9zSrystikWKwHkBqu2a/Sgw01h3zFjvYrMxEDYHzzoMZnUrbIfpTFEsoRnnviOXNCzFiSc54Qw=="
    }
  }
}
